
Microsoft Visual Studio Solution File, Format Version 12.00
# Visual Studio Version 17
VisualStudioVersion = 17.6.33829.357
MinimumVisualStudioVersion = 10.0.40219.1
Project("{FAE04EC0-301F-11D3-BF4B-00C04F79EFBC}") = "BWI.JAN20.Ecommerce.Web", "BWI.JAN20.Ecommerce.Web\BWI.JAN20.Ecommerce.Web.csproj", "{332DD9FB-3FAA-4A03-9888-1311186F0564}"
EndProject
Project("{FAE04EC0-301F-11D3-BF4B-00C04F79EFBC}") = "BWI.JAN20.Ecommerce.Model", "BWI.JAN20.Ecommerce.Model\BWI.JAN20.Ecommerce.Model.csproj", "{594A33A3-6595-483B-8E5D-6DE0045BE70B}"
EndProject
Global
	GlobalSection(SolutionConfigurationPlatforms) = preSolution
		Debug|Any CPU = Debug|Any CPU
		Release|Any CPU = Release|Any CPU
	EndGlobalSection
	GlobalSection(ProjectConfigurationPlatforms) = postSolution
		{332DD9FB-3FAA-4A03-9888-1311186F0564}.Debug|Any CPU.ActiveCfg = Debug|Any CPU
		{332DD9FB-3FAA-4A03-9888-1311186F0564}.Debug|Any CPU.Build.0 = Debug|Any CPU
		{332DD9FB-3FAA-4A03-9888-1311186F0564}.Release|Any CPU.ActiveCfg = Release|Any CPU
		{332DD9FB-3FAA-4A03-9888-1311186F0564}.Release|Any CPU.Build.0 = Release|Any CPU
		{594A33A3-6595-483B-8E5D-6DE0045BE70B}.Debug|Any CPU.ActiveCfg = Debug|Any CPU
		{594A33A3-6595-483B-8E5D-6DE0045BE70B}.Debug|Any CPU.Build.0 = Debug|Any CPU
		{594A33A3-6595-483B-8E5D-6DE0045BE70B}.Release|Any CPU.ActiveCfg = Release|Any CPU
		{594A33A3-6595-483B-8E5D-6DE0045BE70B}.Release|Any CPU.Build.0 = Release|Any CPU
	EndGlobalSection
	GlobalSection(SolutionProperties) = preSolution
		HideSolutionNode = FALSE
	EndGlobalSection
	GlobalSection(ExtensibilityGlobals) = postSolution
		SolutionGuid = {CF125435-8893-4C75-8EF8-7696DA4390DF}
	EndGlobalSection
EndGlobal
